// !$*UTF8*$!
{
	archiveVersion = 1;
	classes = {
	};
	objectVersion = 56;
	objects = {

/* Begin PBXBuildFile section */
		2CFFB16C29700A0200EA972C /* Macbook_M1_Pro_KeyboardApp.swift in Sources */ = {isa = PBXBuildFile; fileRef = 2CFFB16B29700A0200EA972C /* Macbook_M1_Pro_KeyboardApp.swift */; };
		2CFFB16E29700A0200EA972C /* ContentView.swift in Sources */ = {isa = PBXBuildFile; fileRef = 2CFFB16D29700A0200EA972C /* ContentView.swift */; };
		2CFFB17029700A0300EA972C /* Assets.xcassets in Resources */ = {isa = PBXBuildFile; fileRef = 2CFFB16F29700A0300EA972C /* Assets.xcassets */; };
		2CFFB17329700A0300EA972C /* Preview Assets.xcassets in Resources */ = {isa = PBXBuildFile; fileRef = 2CFFB17229700A0300EA972C /* Preview Assets.xcassets */; };
		2CFFB17E29700B0400EA972C /* KeyboardKey.swift in Sources */ = {isa = PBXBuildFile; fileRef = 2CFFB17D29700B0400EA972C /* KeyboardKey.swift */; };
		2CFFB18129700CE600EA972C /* Color+Extension.swift in Sources */ = {isa = PBXBuildFile; fileRef = 2CFFB18029700CE600EA972C /* Color+Extension.swift */; };
		2CFFB18729701EF000EA972C /* KeyModel.swift in Sources */ = {isa = PBXBuildFile; fileRef = 2CFFB18629701EF000EA972C /* KeyModel.swift */; };
		2CFFB18A29701FBC00EA972C /* KeyboardData.swift in Sources */ = {isa = PBXBuildFile; fileRef = 2CFFB18929701FBC00EA972C /* KeyboardData.swift */; };
		2CFFB18C29704C1500EA972C /* ArrowKeyboardKey.swift in Sources */ = {isa = PBXBuildFile; fileRef = 2CFFB18B29704C1500EA972C /* ArrowKeyboardKey.swift */; };
		2CFFB18E297051F800EA972C /* BiometricScannerButton.swift in Sources */ = {isa = PBXBuildFile; fileRef = 2CFFB18D297051F800EA972C /* BiometricScannerButton.swift */; };
		2CFFB19029705AE500EA972C /* SpeakerView.swift in Sources */ = {isa = PBXBuildFile; fileRef = 2CFFB18F29705AE500EA972C /* SpeakerView.swift */; };
/* End PBXBuildFile section */

/* Begin PBXFileReference section */
		2CFFB16829700A0200EA972C /* Macbook M1 Pro Keyboard.app */ = {isa = PBXFileReference; explicitFileType = wrapper.application; includeInIndex = 0; path = "Macbook M1 Pro Keyboard.app"; sourceTree = BUILT_PRODUCTS_DIR; };
		2CFFB16B29700A0200EA972C /* Macbook_M1_Pro_KeyboardApp.swift */ = {isa = PBXFileReference; lastKnownFileType = sourcecode.swift; path = Macbook_M1_Pro_KeyboardApp.swift; sourceTree = "<group>"; };
		2CFFB16D29700A0200EA972C /* ContentView.swift */ = {isa = PBXFileReference; lastKnownFileType = sourcecode.swift; path = ContentView.swift; sourceTree = "<group>"; };
		2CFFB16F29700A0300EA972C /* Assets.xcassets */ = {isa = PBXFileReference; lastKnownFileType = folder.assetcatalog; path = Assets.xcassets; sourceTree = "<group>"; };
		2CFFB17229700A0300EA972C /* Preview Assets.xcassets */ = {isa = PBXFileReference; lastKnownFileType = folder.assetcatalog; path = "Preview Assets.xcassets"; sourceTree = "<group>"; };
		2CFFB17429700A0300EA972C /* Macbook_M1_Pro_Keyboard.entitlements */ = {isa = PBXFileReference; lastKnownFileType = text.plist.entitlements; path = Macbook_M1_Pro_Keyboard.entitlements; sourceTree = "<group>"; };
		2CFFB17D29700B0400EA972C /* KeyboardKey.swift */ = {isa = PBXFileReference; lastKnownFileType = sourcecode.swift; path = KeyboardKey.swift; sourceTree = "<group>"; };
		2CFFB18029700CE600EA972C /* Color+Extension.swift */ = {isa = PBXFileReference; lastKnownFileType = sourcecode.swift; path = "Color+Extension.swift"; sourceTree = "<group>"; };
		2CFFB18629701EF000EA972C /* KeyModel.swift */ = {isa = PBXFileReference; lastKnownFileType = sourcecode.swift; path = KeyModel.swift; sourceTree = "<group>"; };
		2CFFB18929701FBC00EA972C /* KeyboardData.swift */ = {isa = PBXFileReference; lastKnownFileType = sourcecode.swift; path = KeyboardData.swift; sourceTree = "<group>"; };
		2CFFB18B29704C1500EA972C /* ArrowKeyboardKey.swift */ = {isa = PBXFileReference; lastKnownFileType = sourcecode.swift; path = ArrowKeyboardKey.swift; sourceTree = "<group>"; };
		2CFFB18D297051F800EA972C /* BiometricScannerButton.swift */ = {isa = PBXFileReference; lastKnownFileType = sourcecode.swift; path = BiometricScannerButton.swift; sourceTree = "<group>"; };
		2CFFB18F29705AE500EA972C /* SpeakerView.swift */ = {isa = PBXFileReference; lastKnownFileType = sourcecode.swift; path = SpeakerView.swift; sourceTree = "<group>"; };
/* End PBXFileReference section */

/* Begin PBXFrameworksBuildPhase section */
		2CFFB16529700A0200EA972C /* Frameworks */ = {
			isa = PBXFrameworksBuildPhase;
			buildActionMask = 2147483647;
			files = (
			);
			runOnlyForDeploymentPostprocessing = 0;
		};
/* End PBXFrameworksBuildPhase section */

/* Begin PBXGroup section */
		2CFFB15F29700A0200EA972C = {
			isa = PBXGroup;
			children = (
				2CFFB16A29700A0200EA972C /* Macbook M1 Pro Keyboard */,
				2CFFB16929700A0200EA972C /* Products */,
			);
			sourceTree = "<group>";
		};
		2CFFB16929700A0200EA972C /* Products */ = {
			isa = PBXGroup;
			children = (
				2CFFB16829700A0200EA972C /* Macbook M1 Pro Keyboard.app */,
			);
			name = Products;
			sourceTree = "<group>";
		};
		2CFFB16A29700A0200EA972C /* Macbook M1 Pro Keyboard */ = {
			isa = PBXGroup;
			children = (
				2CFFB18829701F9900EA972C /* DataSet */,
				2CFFB18529701ED900EA972C /* Models */,
				2CFFB17F29700CD400EA972C /* Extensions */,
				2CFFB17A29700A9000EA972C /* Views */,
				2CFFB16B29700A0200EA972C /* Macbook_M1_Pro_KeyboardApp.swift */,
				2CFFB16D29700A0200EA972C /* ContentView.swift */,
				2CFFB16F29700A0300EA972C /* Assets.xcassets */,
				2CFFB17429700A0300EA972C /* Macbook_M1_Pro_Keyboard.entitlements */,
				2CFFB17129700A0300EA972C /* Preview Content */,
			);
			path = "Macbook M1 Pro Keyboard";
			sourceTree = "<group>";
		};
		2CFFB17129700A0300EA972C /* Preview Content */ = {
			isa = PBXGroup;
			children = (
				2CFFB17229700A0300EA972C /* Preview Assets.xcassets */,
			);
			path = "Preview Content";
			sourceTree = "<group>";
		};
		2CFFB17A29700A9000EA972C /* Views */ = {
			isa = PBXGroup;
			children = (
				2CFFB17D29700B0400EA972C /* KeyboardKey.swift */,
				2CFFB18B29704C1500EA972C /* ArrowKeyboardKey.swift */,
				2CFFB18D297051F800EA972C /* BiometricScannerButton.swift */,
				2CFFB18F29705AE500EA972C /* SpeakerView.swift */,
			);
			path = Views;
			sourceTree = "<group>";
		};
		2CFFB17F29700CD400EA972C /* Extensions */ = {
			isa = PBXGroup;
			children = (
				2CFFB18029700CE600EA972C /* Color+Extension.swift */,
			);
			path = Extensions;
			sourceTree = "<group>";
		};
		2CFFB18529701ED900EA972C /* Models */ = {
			isa = PBXGroup;
			children = (
				2CFFB18629701EF000EA972C /* KeyModel.swift */,
			);
			path = Models;
			sourceTree = "<group>";
		};
		2CFFB18829701F9900EA972C /* DataSet */ = {
			isa = PBXGroup;
			children = (
				2CFFB18929701FBC00EA972C /* KeyboardData.swift */,
			);
			path = DataSet;
			sourceTree = "<group>";
		};
/* End PBXGroup section */

/* Begin PBXNativeTarget section */
		2CFFB16729700A0200EA972C /* Macbook M1 Pro Keyboard */ = {
			isa = PBXNativeTarget;
			buildConfigurationList = 2CFFB17729700A0300EA972C /* Build configuration list for PBXNativeTarget "Macbook M1 Pro Keyboard" */;
			buildPhases = (
				2CFFB16429700A0200EA972C /* Sources */,
				2CFFB16529700A0200EA972C /* Frameworks */,
				2CFFB16629700A0200EA972C /* Resources */,
			);
			buildRules = (
			);
			dependencies = (
			);
			name = "Macbook M1 Pro Keyboard";
			productName = "Macbook M1 Pro Keyboard";
			productReference = 2CFFB16829700A0200EA972C /* Macbook M1 Pro Keyboard.app */;
			productType = "com.apple.product-type.application";
		};
/* End PBXNativeTarget section */

/* Begin PBXProject section */
		2CFFB16029700A0200EA972C /* Project object */ = {
			isa = PBXProject;
			attributes = {
				BuildIndependentTargetsInParallel = 1;
				LastSwiftUpdateCheck = 1420;
				LastUpgradeCheck = 1420;
				TargetAttributes = {
					2CFFB16729700A0200EA972C = {
						CreatedOnToolsVersion = 14.2;
					};
				};
			};
			buildConfigurationList = 2CFFB16329700A0200EA972C /* Build configuration list for PBXProject "Macbook M1 Pro Keyboard" */;
			compatibilityVersion = "Xcode 14.0";
			developmentRegion = en;
			hasScannedForEncodings = 0;
			knownRegions = (
				en,
				Base,
			);
			mainGroup = 2CFFB15F29700A0200EA972C;
			productRefGroup = 2CFFB16929700A0200EA972C /* Products */;
			projectDirPath = "";
			projectRoot = "";
			targets = (
				2CFFB16729700A0200EA972C /* Macbook M1 Pro Keyboard */,
			);
		};
/* End PBXProject section */

/* Begin PBXResourcesBuildPhase section */
		2CFFB16629700A0200EA972C /* Resources */ = {
			isa = PBXResourcesBuildPhase;
			buildActionMask = 2147483647;
			files = (
				2CFFB17329700A0300EA972C /* Preview Assets.xcassets in Resources */,
				2CFFB17029700A0300EA972C /* Assets.xcassets in Resources */,
			);
			runOnlyForDeploymentPostprocessing = 0;
		};
/* End PBXResourcesBuildPhase section */

/* Begin PBXSourcesBuildPhase section */
		2CFFB16429700A0200EA972C /* Sources */ = {
			isa = PBXSourcesBuildPhase;
			buildActionMask = 2147483647;
			files = (
				2CFFB16E29700A0200EA972C /* ContentView.swift in Sources */,
				2CFFB17E29700B0400EA972C /* KeyboardKey.swift in Sources */,
				2CFFB19029705AE500EA972C /* SpeakerView.swift in Sources */,
				2CFFB18A29701FBC00EA972C /* KeyboardData.swift in Sources */,
				2CFFB18E297051F800EA972C /* BiometricScannerButton.swift in Sources */,
				2CFFB18729701EF000EA972C /* KeyModel.swift in Sources */,
				2CFFB18C29704C1500EA972C /* ArrowKeyboardKey.swift in Sources */,
				2CFFB16C29700A0200EA972C /* Macbook_M1_Pro_KeyboardApp.swift in Sources */,
				2CFFB18129700CE600EA972C /* Color+Extension.swift in Sources */,
			);
			runOnlyForDeploymentPostprocessing = 0;
		};
/* End PBXSourcesBuildPhase section */

/* Begin XCBuildConfiguration section */
		2CFFB17529700A0300EA972C /* Debug */ = {
			isa = XCBuildConfiguration;
			buildSettings = {
				ALWAYS_SEARCH_USER_PATHS = NO;
				CLANG_ANALYZER_NONNULL = YES;
				CLANG_ANALYZER_NUMBER_OBJECT_CONVERSION = YES_AGGRESSIVE;
				CLANG_CXX_LANGUAGE_STANDARD = "gnu++20";
				CLANG_ENABLE_MODULES = YES;
				CLANG_ENABLE_OBJC_ARC = YES;
				CLANG_ENABLE_OBJC_WEAK = YES;
				CLANG_WARN_BLOCK_CAPTURE_AUTORELEASING = YES;
				CLANG_WARN_BOOL_CONVERSION = YES;
				CLANG_WARN_COMMA = YES;
				CLANG_WARN_CONSTANT_CONVERSION = YES;
				CLANG_WARN_DEPRECATED_OBJC_IMPLEMENTATIONS = YES;
				CLANG_WARN_DIRECT_OBJC_ISA_USAGE = YES_ERROR;
				CLANG_WARN_DOCUMENTATION_COMMENTS = YES;
				CLANG_WARN_EMPTY_BODY = YES;
				CLANG_WARN_ENUM_CONVERSION = YES;
				CLANG_WARN_INFINITE_RECURSION = YES;
				CLANG_WARN_INT_CONVERSION = YES;
				CLANG_WARN_NON_LITERAL_NULL_CONVERSION = YES;
				CLANG_WARN_OBJC_IMPLICIT_RETAIN_SELF = YES;
				CLANG_WARN_OBJC_LITERAL_CONVERSION = YES;
				CLANG_WARN_OBJC_ROOT_CLASS = YES_ERROR;
				CLANG_WARN_QUOTED_INCLUDE_IN_FRAMEWORK_HEADER = YES;
				CLANG_WARN_RANGE_LOOP_ANALYSIS = YES;
				CLANG_WARN_STRICT_PROTOTYPES = YES;
				CLANG_WARN_SUSPICIOUS_MOVE = YES;
				CLANG_WARN_UNGUARDED_AVAILABILITY = YES_AGGRESSIVE;
				CLANG_WARN_UNREACHABLE_CODE = YES;
				CLANG_WARN__DUPLICATE_METHOD_MATCH = YES;
				COPY_PHASE_STRIP = NO;
				DEBUG_INFORMATION_FORMAT = dwarf;
				ENABLE_STRICT_OBJC_MSGSEND = YES;
				ENABLE_TESTABILITY = YES;
				GCC_C_LANGUAGE_STANDARD = gnu11;
				GCC_DYNAMIC_NO_PIC = NO;
				GCC_NO_COMMON_BLOCKS = YES;
				GCC_OPTIMIZATION_LEVEL = 0;
				GCC_PREPROCESSOR_DEFINITIONS = (
					"DEBUG=1",
					"$(inherited)",
				);
				GCC_WARN_64_TO_32_BIT_CONVERSION = YES;
				GCC_WARN_ABOUT_RETURN_TYPE = YES_ERROR;
				GCC_WARN_UNDECLARED_SELECTOR = YES;
				GCC_WARN_UNINITIALIZED_AUTOS = YES_AGGRESSIVE;
				GCC_WARN_UNUSED_FUNCTION = YES;
				GCC_WARN_UNUSED_VARIABLE = YES;
				MACOSX_DEPLOYMENT_TARGET = 13.1;
				MTL_ENABLE_DEBUG_INFO = INCLUDE_SOURCE;
				MTL_FAST_MATH = YES;
				ONLY_ACTIVE_ARCH = YES;
				SDKROOT = macosx;
				SWIFT_ACTIVE_COMPILATION_CONDITIONS = DEBUG;
				SWIFT_OPTIMIZATION_LEVEL = "-Onone";
			};
			name = Debug;
		};
		2CFFB17629700A0300EA972C /* Release */ = {
			isa = XCBuildConfiguration;
			buildSettings = {
				ALWAYS_SEARCH_USER_PATHS = NO;
				CLANG_ANALYZER_NONNULL = YES;
				CLANG_ANALYZER_NUMBER_OBJECT_CONVERSION = YES_AGGRESSIVE;
				CLANG_CXX_LANGUAGE_STANDARD = "gnu++20";
				CLANG_ENABLE_MODULES = YES;
				CLANG_ENABLE_OBJC_ARC = YES;
				CLANG_ENABLE_OBJC_WEAK = YES;
				CLANG_WARN_BLOCK_CAPTURE_AUTORELEASING = YES;
				CLANG_WARN_BOOL_CONVERSION = YES;
				CLANG_WARN_COMMA = YES;
				CLANG_WARN_CONSTANT_CONVERSION = YES;
				CLANG_WARN_DEPRECATED_OBJC_IMPLEMENTATIONS = YES;
				CLANG_WARN_DIRECT_OBJC_ISA_USAGE = YES_ERROR;
				CLANG_WARN_DOCUMENTATION_COMMENTS = YES;
				CLANG_WARN_EMPTY_BODY = YES;
				CLANG_WARN_ENUM_CONVERSION = YES;
				CLANG_WARN_INFINITE_RECURSION = YES;
				CLANG_WARN_INT_CONVERSION = YES;
				CLANG_WARN_NON_LITERAL_NULL_CONVERSION = YES;
				CLANG_WARN_OBJC_IMPLICIT_RETAIN_SELF = YES;
				CLANG_WARN_OBJC_LITERAL_CONVERSION = YES;
				CLANG_WARN_OBJC_ROOT_CLASS = YES_ERROR;
				CLANG_WARN_QUOTED_INCLUDE_IN_FRAMEWORK_HEADER = YES;
				CLANG_WARN_RANGE_LOOP_ANALYSIS = YES;
				CLANG_WARN_STRICT_PROTOTYPES = YES;
				CLANG_WARN_SUSPICIOUS_MOVE = YES;
				CLANG_WARN_UNGUARDED_AVAILABILITY = YES_AGGRESSIVE;
				CLANG_WARN_UNREACHABLE_CODE = YES;
				CLANG_WARN__DUPLICATE_METHOD_MATCH = YES;
				COPY_PHASE_STRIP = NO;
				DEBUG_INFORMATION_FORMAT = "dwarf-with-dsym";
				ENABLE_NS_ASSERTIONS = NO;
				ENABLE_STRICT_OBJC_MSGSEND = YES;
				GCC_C_LANGUAGE_STANDARD = gnu11;
				GCC_NO_COMMON_BLOCKS = YES;
				GCC_WARN_64_TO_32_BIT_CONVERSION = YES;
				GCC_WARN_ABOUT_RETURN_TYPE = YES_ERROR;
				GCC_WARN_UNDECLARED_SELECTOR = YES;
				GCC_WARN_UNINITIALIZED_AUTOS = YES_AGGRESSIVE;
				GCC_WARN_UNUSED_FUNCTION = YES;
				GCC_WARN_UNUSED_VARIABLE = YES;
				MACOSX_DEPLOYMENT_TARGET = 13.1;
				MTL_ENABLE_DEBUG_INFO = NO;
				MTL_FAST_MATH = YES;
				SDKROOT = macosx;
				SWIFT_COMPILATION_MODE = wholemodule;
				SWIFT_OPTIMIZATION_LEVEL = "-O";
			};
			name = Release;
		};
		2CFFB17829700A0300EA972C /* Debug */ = {
			isa = XCBuildConfiguration;
			buildSettings = {
				ASSETCATALOG_COMPILER_APPICON_NAME = AppIcon;
				ASSETCATALOG_COMPILER_GLOBAL_ACCENT_COLOR_NAME = AccentColor;
				CODE_SIGN_ENTITLEMENTS = "Macbook M1 Pro Keyboard/Macbook_M1_Pro_Keyboard.entitlements";
				CODE_SIGN_STYLE = Automatic;
				COMBINE_HIDPI_IMAGES = YES;
				CURRENT_PROJECT_VERSION = 1;
				DEVELOPMENT_ASSET_PATHS = "\"Macbook M1 Pro Keyboard/Preview Content\"";
				DEVELOPMENT_TEAM = 3A4MTG5775;
				ENABLE_HARDENED_RUNTIME = YES;
				ENABLE_PREVIEWS = YES;
				GENERATE_INFOPLIST_FILE = YES;
				INFOPLIST_KEY_NSHumanReadableCopyright = "";
				LD_RUNPATH_SEARCH_PATHS = (
					"$(inherited)",
					"@executable_path/../Frameworks",
				);
				MARKETING_VERSION = 1.0;
				PRODUCT_BUNDLE_IDENTIFIER = "com.sickocoder.Macbook-M1-Pro-Keyboard";
				PRODUCT_NAME = "$(TARGET_NAME)";
				SWIFT_EMIT_LOC_STRINGS = YES;
				SWIFT_VERSION = 5.0;
			};
			name = Debug;
		};
		2CFFB17929700A0300EA972C /* Release */ = {
			isa = XCBuildConfiguration;
			buildSettings = {
				ASSETCATALOG_COMPILER_APPICON_NAME = AppIcon;
				ASSETCATALOG_COMPILER_GLOBAL_ACCENT_COLOR_NAME = AccentColor;
				CODE_SIGN_ENTITLEMENTS = "Macbook M1 Pro Keyboard/Macbook_M1_Pro_Keyboard.entitlements";
				CODE_SIGN_STYLE = Automatic;
				COMBINE_HIDPI_IMAGES = YES;
				CURRENT_PROJECT_VERSION = 1;
				DEVELOPMENT_ASSET_PATHS = "\"Macbook M1 Pro Keyboard/Preview Content\"";
				DEVELOPMENT_TEAM = 3A4MTG5775;
				ENABLE_HARDENED_RUNTIME = YES;
				ENABLE_PREVIEWS = YES;
				GENERATE_INFOPLIST_FILE = YES;
				INFOPLIST_KEY_NSHumanReadableCopyright = "";
				LD_RUNPATH_SEARCH_PATHS = (
					"$(inherited)",
					"@executable_path/../Frameworks",
				);
				MARKETING_VERSION = 1.0;
				PRODUCT_BUNDLE_IDENTIFIER = "com.sickocoder.Macbook-M1-Pro-Keyboard";
				PRODUCT_NAME = "$(TARGET_NAME)";
				SWIFT_EMIT_LOC_STRINGS = YES;
				SWIFT_VERSION = 5.0;
			};
			name = Release;
		};
/* End XCBuildConfiguration section */

/* Begin XCConfigurationList section */
		2CFFB16329700A0200EA972C /* Build configuration list for PBXProject "Macbook M1 Pro Keyboard" */ = {
			isa = XCConfigurationList;
			buildConfigurations = (
				2CFFB17529700A0300EA972C /* Debug */,
				2CFFB17629700A0300EA972C /* Release */,
			);
			defaultConfigurationIsVisible = 0;
			defaultConfigurationName = Release;
		};
		2CFFB17729700A0300EA972C /* Build configuration list for PBXNativeTarget "Macbook M1 Pro Keyboard" */ = {
			isa = XCConfigurationList;
			buildConfigurations = (
				2CFFB17829700A0300EA972C /* Debug */,
				2CFFB17929700A0300EA972C /* Release */,
			);
			defaultConfigurationIsVisible = 0;
			defaultConfigurationName = Release;
		};
/* End XCConfigurationList section */
	};
	rootObject = 2CFFB16029700A0200EA972C /* Project object */;
}
